lockfileVersion: '9.0'

settings:
  autoInstallPeers: true
  excludeLinksFromLockfile: false

importers:

  .:
    devDependencies:
      '@sveltejs/vite-plugin-svelte':
        specifier: ^7.1.2
        version: 7.1.2(svelte@5.56.3)(vite@..+packages+vite)
      svelte:
        specifier: ^5.56.3
        version: 5.56.3
      vite:
        specifier: link:../../packages/vite
        version: link:../../packages/vite

packages:

  '@jridgewell/gen-mapping@0.3.13':
    resolution: {integrity: sha512-2kkt/7niJ6MgEPxF0bYdQ6etZaA+fQvDcLKckhy1yIQOzaoKjBBjSj63/aLVjYE3qhRt5dvM+uUyfCg6UKCBbA==}

  '@jridgewell/remapping@2.3.5':
    resolution: {integrity: sha512-LI9u/+laYG4Ds1TDKSJW2YPrIlcVYOwi2fUC6xB43lueCjgxV4lffOCZCtYFiH6TNOX+tQKXx97T4IKHbhyHEQ==}

  '@jridgewell/resolve-uri@3.1.2':
    resolution: {integrity: sha512-bRISgCIjP20/tbWSPWMEi54QVPRZExkuD9lJL+UIxUKtwVJA8wW1Trb1jMs1RFXo1CBTNZ/5hpC9QvmKWdopKw==}
    engines: {node: '>=6.0.0'}

  '@jridgewell/sourcemap-codec@1.5.5':
    resolution: {integrity: sha512-cYQ9310grqxueWbl+WuIUIaiUaDcj7WOq5fVhEljNVgRfOUhY9fy2zTvfoqWsnebh8Sl70VScFbICvJnLKB0Og==}

  '@jridgewell/trace-mapping@0.3.31':
    resolution: {integrity: sha512-zzNR+SdQSDJzc8joaeP8QQoCQr8NuYx2dIIytl1QeBEZHJ9uW6hebsrYgbz8hJwUQao3TWCMtmfV8Nu1twOLAw==}

  '@sveltejs/acorn-typescript@1.0.10':
    resolution: {integrity: sha512-4WfKk68eTih+MiJD4fSbxN7E8kVBmTMPWHUPYjvl2N0rMs53YLTT8/YjKU5Dtnz5LqDjl7LEw4U7lXR2W3J5WA==}
    peerDependencies:
      acorn: ^8.9.0

  '@sveltejs/vite-plugin-svelte@7.1.2':
    resolution: {integrity: sha512-DrUBA2UXRfDmUX/ZTiEopd3X40yavsJF1FX2RygcuIScHL7o5YX1fMvoYnDhjeJQC4weCOklirpNWlcb2NiSeA==}
    engines: {node: ^20.19 || ^22.12 || >=24}
    peerDependencies:
      svelte: ^5.46.4
      vite: ^8.0.0-beta.7 || ^8.0.0

  '@types/estree@1.0.9':
    resolution: {integrity: sha512-GhdPgy1el4/ImP05X05Uw4cw2/M93BCUmnEvWZNStlCzEKME4Fkk+YpoA5OiHNQmoS7Cafb8Xa3Pya8m1Qrzeg==}

  '@types/trusted-types@2.0.7':
    resolution: {integrity: sha512-ScaPdn1dQczgbl0QFTeTOmVHFULt394XJgOQNoyVhZ6r2vLnMLJfBPd53SB52T/3G36VI1/g2MZaX0cwDuXsfw==}

  acorn@8.17.0:
    resolution: {integrity: sha512-xRQbDb9BnwDafYNn6Vwl839DYVjqXYb1XVGtWAZ1kcDc6iwAL4hg3B1dZlRiuENFeO2H53gFG3in621AdERVAg==}
    engines: {node: '>=0.4.0'}
    hasBin: true

  aria-query@5.3.1:
    resolution: {integrity: sha512-Z/ZeOgVl7bcSYZ/u/rh0fOpvEpq//LZmdbkXyc7syVzjPAhfOa9ebsdTSjEBDU4vs5nC98Kfduj1uFo0qyET3g==}
    engines: {node: '>= 0.4'}

  axobject-query@4.1.0:
    resolution: {integrity: sha512-qIj0G9wZbMGNLjLmg1PT6v2mE9AH2zlnADJD/2tC6E00hgmhUOfEB6greHPAfLRSufHqROIUTkw6E+M3lH0PTQ==}
    engines: {node: '>= 0.4'}

  clsx@2.1.1:
    resolution: {integrity: sha512-eYm0QWBtUrBWZWG0d386OGAw16Z995PiOVo2B7bjWSbHedGl5e0ZWaq65kOGgUSNesEIDkB9ISbTg/JK9dhCZA==}
    engines: {node: '>=6'}

  deepmerge@4.3.1:
    resolution: {integrity: sha512-3sUqbMEc77XqpdNO7FRyRog+eW3ph+GYCbj+rK+uYyRMuwsVy0rMiVtPn+QJlKFvWP/1PYpapqYn0Me2knFn+A==}
    engines: {node: '>=0.10.0'}

  devalue@5.8.1:
    resolution: {integrity: sha512-4CXDYRBGqN+57wVJkuXBYmpAVUSg3L6JAQa/DFqm238G73E1wuyc/JhGQJzN7vUf/CMphYau2zXbfWzDR5aTEw==}

  esm-env@1.2.2:
    resolution: {integrity: sha512-Epxrv+Nr/CaL4ZcFGPJIYLWFom+YeV1DqMLHJoEd9SYRxNbaFruBwfEX/kkHUJf55j2+TUbmDcmuilbP1TmXHA==}

  esrap@2.2.12:
    resolution: {integrity: sha512-On0QbLyaiAkVC4eXtgnXK9Kh2opit+3rcUSOc45DqJ2s/X2eXAHsGOKRSJ6IDagQEW5vPyivANfXUiqgXC67Rw==}
    peerDependencies:
      '@typescript-eslint/types': ^8.2.0
    peerDependenciesMeta:
      '@typescript-eslint/types':
        optional: true

  is-reference@3.0.3:
    resolution: {integrity: sha512-ixkJoqQvAP88E6wLydLGGqCJsrFUnqoH6HnaczB8XmDH1oaWU+xxdptvikTgaEhtZ53Ky6YXiBuUI2WXLMCwjw==}

  locate-character@3.0.0:
    resolution: {integrity: sha512-SW13ws7BjaeJ6p7Q6CO2nchbYEc3X3J6WrmTTDto7yMPqVSZTUyY5Tjbid+Ab8gLnATtygYtiDIJGQRRn2ZOiA==}

  magic-string@0.30.21:
    resolution: {integrity: sha512-vd2F4YUyEXKGcLHoq+TEyCjxueSeHnFxyyjNp80yg0XV4vUhnDer/lvvlqM/arB5bXQN5K2/3oinyCRyx8T2CQ==}

  obug@2.1.3:
    resolution: {integrity: sha512-9miFgM2OFba7hB+pRgvtV84pYTBaoTHohvmIgiRt6dRIzbwEOIaNaP+dIlGs2fNFoB0SeISs0Jz5WFVRid6Xyg==}
    engines: {node: '>=12.20.0'}

  svelte@5.56.3:
    resolution: {integrity: sha512-w7JvrM5IFl5cmfbY0TLik9o7mjRUJmRMhOR51tBPu708Gr/MjbGs7VnJnr/B0CaXeI4vtnOh7RKxDr0cwhMdDA==}
    engines: {node: '>=18'}

  vitefu@1.1.3:
    resolution: {integrity: sha512-ub4okH7Z5KLjb6hDyjqrGXqWtWvoYdU3IGm/NorpgHncKoLTCfRIbvlhBm7r0YstIaQRYlp4yEbFqDcKSzXSSg==}
    peerDependencies:
      vite: ^3.0.0 || ^4.0.0 || ^5.0.0 || ^6.0.0 || ^7.0.0 || ^8.0.0
    peerDependenciesMeta:
      vite:
        optional: true

  zimmerframe@1.1.4:
    resolution: {integrity: sha512-B58NGBEoc8Y9MWWCQGl/gq9xBCe4IiKM0a2x7GZdQKOW5Exr8S1W24J6OgM1njK8xCRGvAJIL/MxXHf6SkmQKQ==}

snapshots:

  '@jridgewell/gen-mapping@0.3.13':
    dependencies:
      '@jridgewell/sourcemap-codec': 1.5.5
      '@jridgewell/trace-mapping': 0.3.31

  '@jridgewell/remapping@2.3.5':
    dependencies:
      '@jridgewell/gen-mapping': 0.3.13
      '@jridgewell/trace-mapping': 0.3.31

  '@jridgewell/resolve-uri@3.1.2': {}

  '@jridgewell/sourcemap-codec@1.5.5': {}

  '@jridgewell/trace-mapping@0.3.31':
    dependencies:
      '@jridgewell/resolve-uri': 3.1.2
      '@jridgewell/sourcemap-codec': 1.5.5

  '@sveltejs/acorn-typescript@1.0.10(acorn@8.17.0)':
    dependencies:
      acorn: 8.17.0

  '@sveltejs/vite-plugin-svelte@7.1.2(svelte@5.56.3)(vite@..+packages+vite)':
    dependencies:
      deepmerge: 4.3.1
      magic-string: 0.30.21
      obug: 2.1.3
      svelte: 5.56.3
      vite: link:../../packages/vite
      vitefu: 1.1.3(vite@..+packages+vite)

  '@types/estree@1.0.9': {}

  '@types/trusted-types@2.0.7': {}

  acorn@8.17.0: {}

  aria-query@5.3.1: {}

  axobject-query@4.1.0: {}

  clsx@2.1.1: {}

  deepmerge@4.3.1: {}

  devalue@5.8.1: {}

  esm-env@1.2.2: {}

  esrap@2.2.12:
    dependencies:
      '@jridgewell/sourcemap-codec': 1.5.5

  is-reference@3.0.3:
    dependencies:
      '@types/estree': 1.0.9

  locate-character@3.0.0: {}

  magic-string@0.30.21:
    dependencies:
      '@jridgewell/sourcemap-codec': 1.5.5

  obug@2.1.3: {}

  svelte@5.56.3:
    dependencies:
      '@jridgewell/remapping': 2.3.5
      '@jridgewell/sourcemap-codec': 1.5.5
      '@sveltejs/acorn-typescript': 1.0.10(acorn@8.17.0)
      '@types/estree': 1.0.9
      '@types/trusted-types': 2.0.7
      acorn: 8.17.0
      aria-query: 5.3.1
      axobject-query: 4.1.0
      clsx: 2.1.1
      devalue: 5.8.1
      esm-env: 1.2.2
      esrap: 2.2.12
      is-reference: 3.0.3
      locate-character: 3.0.0
      magic-string: 0.30.21
      zimmerframe: 1.1.4
    transitivePeerDependencies:
      - '@typescript-eslint/types'

  vitefu@1.1.3(vite@..+packages+vite):
    optionalDependencies:
      vite: link:../../packages/vite

  zimmerframe@1.1.4: {}
