# THIS IS AN AUTOGENERATED FILE. DO NOT EDIT THIS FILE DIRECTLY.
# yarn lockfile v1


"@babel/runtime@link:../node_modules/@babel/runtime":
  version "0.0.0"
  uid ""

"bootstrap@link:../node_modules/bootstrap":
  version "0.0.0"
  uid ""

"linked-dep@link:./optimize-linked/linked-dep":
  version "0.0.0"
  uid ""

"lodash-es@link:../node_modules/lodash-es":
  version "0.0.0"
  uid ""

"moment@link:../node_modules/moment":
  version "0.0.0"
  uid ""

"normalize.css@link:../node_modules/normalize.css":
  version "0.0.0"
  uid ""

"optimize-linked@link:./optimize-linked":
  version "0.0.0"
  uid ""

regenerator-runtime@^0.13.4:
  version "0.13.5"
  resolved "https://registry.yarnpkg.com/regenerator-runtime/-/regenerator-runtime-0.13.5.tgz#d878a1d094b4306d10b9096484b33ebd55e26697"
  integrity sha512-ZS5w8CpKFinUzOwW3c83oPeVXoNsrLsaCoLtJvAClH135j/R77RuymhiSErhm2lKcwSCIpmvIWSbDkIfAqKQlA==

"resolve-browser-field-test-package@link:./resolve/browser-field":
  version "0.0.0"
  uid ""

"rewrite-optimized-test-package@link:./resolve/rewrite-optimized/test-package":
  version "0.0.0"
  uid ""

"rewrite-unoptimized-test-package@link:./resolve/rewrite-unoptimized/test-package":
  version "0.0.0"
  uid ""
